
Microsoft Visual Studio Solution File, Format Version 12.00
# Visual Studio Version 17
VisualStudioVersion = 17.4.33213.308
MinimumVisualStudioVersion = 10.0.40219.1
Project("{FAE04EC0-301F-11D3-BF4B-00C04F79EFBC}") = "TestGithub23InClass", "TestGithub23InClass\TestGithub23InClass.csproj", "{1E9C37D5-7775-48B2-842C-3D633C8308A0}"
EndProject
Global
	GlobalSection(SolutionConfigurationPlatforms) = preSolution
		Debug|Any CPU = Debug|Any CPU
		Release|Any CPU = Release|Any CPU
	EndGlobalSection
	GlobalSection(ProjectConfigurationPlatforms) = postSolution
		{1E9C37D5-7775-48B2-842C-3D633C8308A0}.Debug|Any CPU.ActiveCfg = Debug|Any CPU
		{1E9C37D5-7775-48B2-842C-3D633C8308A0}.Debug|Any CPU.Build.0 = Debug|Any CPU
		{1E9C37D5-7775-48B2-842C-3D633C8308A0}.Release|Any CPU.ActiveCfg = Release|Any CPU
		{1E9C37D5-7775-48B2-842C-3D633C8308A0}.Release|Any CPU.Build.0 = Release|Any CPU
	EndGlobalSection
	GlobalSection(SolutionProperties) = preSolution
		HideSolutionNode = FALSE
	EndGlobalSection
	GlobalSection(ExtensibilityGlobals) = postSolution
		SolutionGuid = {C09B3578-B8F5-45C9-A151-F0FD92792250}
	EndGlobalSection
EndGlobal
